
Microsoft Visual Studio Solution File, Format Version 12.00
# Visual Studio Version 17
VisualStudioVersion = 17.14.36518.9 d17.14
MinimumVisualStudioVersion = 10.0.40219.1
Project("{FAE04EC0-301F-11D3-BF4B-00C04F79EFBC}") = "chapter_01", "chapter_01\chapter_01.csproj", "{5756B7DB-C211-4D73-A532-88F2CB9902DB}"
EndProject
Global
	GlobalSection(SolutionConfigurationPlatforms) = preSolution
		Debug|Any CPU = Debug|Any CPU
		Release|Any CPU = Release|Any CPU
	EndGlobalSection
	GlobalSection(ProjectConfigurationPlatforms) = postSolution
		{5756B7DB-C211-4D73-A532-88F2CB9902DB}.Debug|Any CPU.ActiveCfg = Debug|Any CPU
		{5756B7DB-C211-4D73-A532-88F2CB9902DB}.Debug|Any CPU.Build.0 = Debug|Any CPU
		{5756B7DB-C211-4D73-A532-88F2CB9902DB}.Release|Any CPU.ActiveCfg = Release|Any CPU
		{5756B7DB-C211-4D73-A532-88F2CB9902DB}.Release|Any CPU.Build.0 = Release|Any CPU
	EndGlobalSection
	GlobalSection(SolutionProperties) = preSolution
		HideSolutionNode = FALSE
	EndGlobalSection
	GlobalSection(ExtensibilityGlobals) = postSolution
		SolutionGuid = {0EA9B403-C55F-4303-A66E-03A1334FACF7}
	EndGlobalSection
EndGlobal
