
Microsoft Visual Studio Solution File, Format Version 12.00
# Visual Studio Version 17
VisualStudioVersion = 17.14.36705.20 d17.14
MinimumVisualStudioVersion = 10.0.40219.1
Project("{FAE04EC0-301F-11D3-BF4B-00C04F79EFBC}") = "HotelListing.API", "HotelListing.API\HotelListing.API.csproj", "{DC500572-56DD-48AA-9691-F5668BB1C378}"
EndProject
Global
	GlobalSection(SolutionConfigurationPlatforms) = preSolution
		Debug|Any CPU = Debug|Any CPU
		Release|Any CPU = Release|Any CPU
	EndGlobalSection
	GlobalSection(ProjectConfigurationPlatforms) = postSolution
		{DC500572-56DD-48AA-9691-F5668BB1C378}.Debug|Any CPU.ActiveCfg = Debug|Any CPU
		{DC500572-56DD-48AA-9691-F5668BB1C378}.Debug|Any CPU.Build.0 = Debug|Any CPU
		{DC500572-56DD-48AA-9691-F5668BB1C378}.Release|Any CPU.ActiveCfg = Release|Any CPU
		{DC500572-56DD-48AA-9691-F5668BB1C378}.Release|Any CPU.Build.0 = Release|Any CPU
	EndGlobalSection
	GlobalSection(SolutionProperties) = preSolution
		HideSolutionNode = FALSE
	EndGlobalSection
	GlobalSection(ExtensibilityGlobals) = postSolution
		SolutionGuid = {CBA546D6-5338-4507-853D-D04EBCEACFFA}
	EndGlobalSection
EndGlobal
